{
  "name": "crypto-tracker",
  "version": "1.0.0",
  "lockfileVersion": 1,
  "requires": true,
  "dependencies": {
    "cryptocurrency-icons": {
      "version": "0.17.2",
      "resolved": "https://registry.npmjs.org/cryptocurrency-icons/-/cryptocurrency-icons-0.17.2.tgz",
      "integrity": "sha512-301lellubLNhxkySIBNNG3VD05rWfMR+CFgo9LoLfuNybG2OLy0mpWduxv65WZkJpLl9hhpaVAxCV5SYbG5o9A=="
    }
  }
}
